---
lockVersion: 1.0.0
dependencies:
  codeql/cpp-all:
    version: 0.11.0
  codeql/dataflow:
    version: 0.1.2
  codeql/rangeanalysis:
    version: 0.0.1
  codeql/ssa:
    version: 0.2.2
  codeql/tutorial:
    version: 0.2.2
  codeql/typetracking:
    version: 0.2.2
  codeql/util:
    version: 0.2.2
compiled: false
